[{<<"accord">>,
  {git,"https://github.com/mikeyhc/accord",
       {ref,"6b97093fcb2b5a51e833bea303c0bad50d53ecff"}},
  0},
 {<<"cowboy">>,
  {git,"https://github.com/ninenines/cowboy",
       {ref,"3b9fb5214d70f1c4707a095c4193214bc12a7c36"}},
  1},
 {<<"cowlib">>,
  {git,"https://github.com/ninenines/cowlib",
       {ref,"bae6b022af54566f3518a3aa59083b4591d552de"}},
  2},
 {<<"gun">>,
  {git,"https://github.com/ninenines/gun",
       {ref,"08de4f23027fb80b3fb6a1bcd9f161aae01b0ecd"}},
  1},
 {<<"gunext">>,
  {git,"https://github.com/mikeyhc/gunext",
       {ref,"a8094c5c30e06c549c1097118c6e9df06d3bfae5"}},
  0},
 {<<"htmerl">>,
  {git,"https://github.com/zadean/htmerl",
       {ref,"e45210b7c90d22802a5dd6604012f85a47ad6528"}},
  0},
 {<<"jsone">>,
  {git,"https://github.com/sile/jsone",
       {ref,"91edab0f4ced8c42fa644c5a2abf0cfe8e822614"}},
  0},
 {<<"ranch">>,
  {git,"https://github.com/ninenines/ranch",
       {ref,"10b51304b26062e0dbfd5e74824324e9a911e269"}},
  2}].
